// !$*UTF8*$!
{
	archiveVersion = 1;
	classes = {
	};
	objectVersion = 52;
	objects = {

/* Begin PBXBuildFile section */
		6581F0EA2508CB55008CBAFA /* AppDelegate.swift in Sources */ = {isa = PBXBuildFile; fileRef = 6581F0E92508CB55008CBAFA /* AppDelegate.swift */; };
		6581F0F32508CB5A008CBAFA /* Assets.xcassets in Resources */ = {isa = PBXBuildFile; fileRef = 6581F0F22508CB5A008CBAFA /* Assets.xcassets */; };
		6581F0F62508CB5A008CBAFA /* LaunchScreen.storyboard in Resources */ = {isa = PBXBuildFile; fileRef = 6581F0F42508CB5A008CBAFA /* LaunchScreen.storyboard */; };
		6581F1082508CBBB008CBAFA /* Gists.storyboard in Resources */ = {isa = PBXBuildFile; fileRef = 6581F1012508CBBB008CBAFA /* Gists.storyboard */; };
		6581F1092508CBBB008CBAFA /* GistsViewController.swift in Sources */ = {isa = PBXBuildFile; fileRef = 6581F1022508CBBB008CBAFA /* GistsViewController.swift */; };
		6581F10A2508CBBB008CBAFA /* GistsPresenter.swift in Sources */ = {isa = PBXBuildFile; fileRef = 6581F1032508CBBB008CBAFA /* GistsPresenter.swift */; };
		6581F10B2508CBBB008CBAFA /* GistsInteractor.swift in Sources */ = {isa = PBXBuildFile; fileRef = 6581F1042508CBBB008CBAFA /* GistsInteractor.swift */; };
		6581F10C2508CBBB008CBAFA /* GistsModels.swift in Sources */ = {isa = PBXBuildFile; fileRef = 6581F1052508CBBB008CBAFA /* GistsModels.swift */; };
		6581F10D2508CBBB008CBAFA /* GistsWorker.swift in Sources */ = {isa = PBXBuildFile; fileRef = 6581F1062508CBBB008CBAFA /* GistsWorker.swift */; };
		6581F10E2508CBBB008CBAFA /* GistsRouter.swift in Sources */ = {isa = PBXBuildFile; fileRef = 6581F1072508CBBB008CBAFA /* GistsRouter.swift */; };
		6581F1162508CBDA008CBAFA /* GistDetail.storyboard in Resources */ = {isa = PBXBuildFile; fileRef = 6581F10F2508CBDA008CBAFA /* GistDetail.storyboard */; };
		6581F1172508CBDA008CBAFA /* GistDetailViewController.swift in Sources */ = {isa = PBXBuildFile; fileRef = 6581F1102508CBDA008CBAFA /* GistDetailViewController.swift */; };
		6581F1182508CBDA008CBAFA /* GistDetailPresenter.swift in Sources */ = {isa = PBXBuildFile; fileRef = 6581F1112508CBDA008CBAFA /* GistDetailPresenter.swift */; };
		6581F1192508CBDA008CBAFA /* GistDetailInteractor.swift in Sources */ = {isa = PBXBuildFile; fileRef = 6581F1122508CBDA008CBAFA /* GistDetailInteractor.swift */; };
		6581F11A2508CBDA008CBAFA /* GistDetailModels.swift in Sources */ = {isa = PBXBuildFile; fileRef = 6581F1132508CBDA008CBAFA /* GistDetailModels.swift */; };
		6581F11B2508CBDA008CBAFA /* GistDetailWorker.swift in Sources */ = {isa = PBXBuildFile; fileRef = 6581F1142508CBDA008CBAFA /* GistDetailWorker.swift */; };
		6581F11C2508CBDA008CBAFA /* GistDetailRouter.swift in Sources */ = {isa = PBXBuildFile; fileRef = 6581F1152508CBDA008CBAFA /* GistDetailRouter.swift */; };
		6581F1222509107B008CBAFA /* GistTableViewCell.swift in Sources */ = {isa = PBXBuildFile; fileRef = 6581F1212509107B008CBAFA /* GistTableViewCell.swift */; };
		6581F124250913B9008CBAFA /* VersionConfig.swift in Sources */ = {isa = PBXBuildFile; fileRef = 6581F123250913B9008CBAFA /* VersionConfig.swift */; };
		6581F12625091422008CBAFA /* Gist.swift in Sources */ = {isa = PBXBuildFile; fileRef = 6581F12525091422008CBAFA /* Gist.swift */; };
		6581F130250A0E4B008CBAFA /* API.swift in Sources */ = {isa = PBXBuildFile; fileRef = 6581F12F250A0E4B008CBAFA /* API.swift */; };
		6DA088AC2517E905003C9A20 /* UIApplication.swift in Sources */ = {isa = PBXBuildFile; fileRef = 6DA088AB2517E905003C9A20 /* UIApplication.swift */; };
		6DA088B92517FD6A003C9A20 /* String.swift in Sources */ = {isa = PBXBuildFile; fileRef = 6DA088B82517FD6A003C9A20 /* String.swift */; };
		95A64801262AF9FA003F7685 /* Alamofire in Frameworks */ = {isa = PBXBuildFile; productRef = 95A64800262AF9FA003F7685 /* Alamofire */; };
		95A64805262AFA70003F7685 /* SDWebImage in Frameworks */ = {isa = PBXBuildFile; productRef = 95A64804262AFA70003F7685 /* SDWebImage */; };
/* End PBXBuildFile section */

/* Begin PBXFileReference section */
		6581F0E62508CB55008CBAFA /* MobvenIOSTI.app */ = {isa = PBXFileReference; explicitFileType = wrapper.application; includeInIndex = 0; path = MobvenIOSTI.app; sourceTree = BUILT_PRODUCTS_DIR; };
		6581F0E92508CB55008CBAFA /* AppDelegate.swift */ = {isa = PBXFileReference; lastKnownFileType = sourcecode.swift; path = AppDelegate.swift; sourceTree = "<group>"; };
		6581F0F22508CB5A008CBAFA /* Assets.xcassets */ = {isa = PBXFileReference; lastKnownFileType = folder.assetcatalog; path = Assets.xcassets; sourceTree = "<group>"; };
		6581F0F52508CB5A008CBAFA /* Base */ = {isa = PBXFileReference; lastKnownFileType = file.storyboard; name = Base; path = Base.lproj/LaunchScreen.storyboard; sourceTree = "<group>"; };
		6581F0F72508CB5A008CBAFA /* Info.plist */ = {isa = PBXFileReference; lastKnownFileType = text.plist.xml; path = Info.plist; sourceTree = "<group>"; };
		6581F1012508CBBB008CBAFA /* Gists.storyboard */ = {isa = PBXFileReference; lastKnownFileType = file.storyboard; path = Gists.storyboard; sourceTree = "<group>"; };
		6581F1022508CBBB008CBAFA /* GistsViewController.swift */ = {isa = PBXFileReference; lastKnownFileType = sourcecode.swift; path = GistsViewController.swift; sourceTree = "<group>"; };
		6581F1032508CBBB008CBAFA /* GistsPresenter.swift */ = {isa = PBXFileReference; lastKnownFileType = sourcecode.swift; path = GistsPresenter.swift; sourceTree = "<group>"; };
		6581F1042508CBBB008CBAFA /* GistsInteractor.swift */ = {isa = PBXFileReference; lastKnownFileType = sourcecode.swift; path = GistsInteractor.swift; sourceTree = "<group>"; };
		6581F1052508CBBB008CBAFA /* GistsModels.swift */ = {isa = PBXFileReference; lastKnownFileType = sourcecode.swift; path = GistsModels.swift; sourceTree = "<group>"; };
		6581F1062508CBBB008CBAFA /* GistsWorker.swift */ = {isa = PBXFileReference; lastKnownFileType = sourcecode.swift; path = GistsWorker.swift; sourceTree = "<group>"; };
		6581F1072508CBBB008CBAFA /* GistsRouter.swift */ = {isa = PBXFileReference; lastKnownFileType = sourcecode.swift; path = GistsRouter.swift; sourceTree = "<group>"; };
		6581F10F2508CBDA008CBAFA /* GistDetail.storyboard */ = {isa = PBXFileReference; lastKnownFileType = file.storyboard; path = GistDetail.storyboard; sourceTree = "<group>"; };
		6581F1102508CBDA008CBAFA /* GistDetailViewController.swift */ = {isa = PBXFileReference; lastKnownFileType = sourcecode.swift; path = GistDetailViewController.swift; sourceTree = "<group>"; };
		6581F1112508CBDA008CBAFA /* GistDetailPresenter.swift */ = {isa = PBXFileReference; lastKnownFileType = sourcecode.swift; path = GistDetailPresenter.swift; sourceTree = "<group>"; };
		6581F1122508CBDA008CBAFA /* GistDetailInteractor.swift */ = {isa = PBXFileReference; lastKnownFileType = sourcecode.swift; path = GistDetailInteractor.swift; sourceTree = "<group>"; };
		6581F1132508CBDA008CBAFA /* GistDetailModels.swift */ = {isa = PBXFileReference; lastKnownFileType = sourcecode.swift; path = GistDetailModels.swift; sourceTree = "<group>"; };
		6581F1142508CBDA008CBAFA /* GistDetailWorker.swift */ = {isa = PBXFileReference; lastKnownFileType = sourcecode.swift; path = GistDetailWorker.swift; sourceTree = "<group>"; };
		6581F1152508CBDA008CBAFA /* GistDetailRouter.swift */ = {isa = PBXFileReference; lastKnownFileType = sourcecode.swift; path = GistDetailRouter.swift; sourceTree = "<group>"; };
		6581F1212509107B008CBAFA /* GistTableViewCell.swift */ = {isa = PBXFileReference; lastKnownFileType = sourcecode.swift; path = GistTableViewCell.swift; sourceTree = "<group>"; };
		6581F123250913B9008CBAFA /* VersionConfig.swift */ = {isa = PBXFileReference; lastKnownFileType = sourcecode.swift; path = VersionConfig.swift; sourceTree = "<group>"; };
		6581F12525091422008CBAFA /* Gist.swift */ = {isa = PBXFileReference; lastKnownFileType = sourcecode.swift; path = Gist.swift; sourceTree = "<group>"; };
		6581F12F250A0E4B008CBAFA /* API.swift */ = {isa = PBXFileReference; lastKnownFileType = sourcecode.swift; path = API.swift; sourceTree = "<group>"; };
		6DA088AB2517E905003C9A20 /* UIApplication.swift */ = {isa = PBXFileReference; lastKnownFileType = sourcecode.swift; path = UIApplication.swift; sourceTree = "<group>"; };
		6DA088B82517FD6A003C9A20 /* String.swift */ = {isa = PBXFileReference; lastKnownFileType = sourcecode.swift; path = String.swift; sourceTree = "<group>"; };
/* End PBXFileReference section */

/* Begin PBXFrameworksBuildPhase section */
		6581F0E32508CB55008CBAFA /* Frameworks */ = {
			isa = PBXFrameworksBuildPhase;
			buildActionMask = 2147483647;
			files = (
				95A64805262AFA70003F7685 /* SDWebImage in Frameworks */,
				95A64801262AF9FA003F7685 /* Alamofire in Frameworks */,
			);
			runOnlyForDeploymentPostprocessing = 0;
		};
/* End PBXFrameworksBuildPhase section */

/* Begin PBXGroup section */
		65811167250A6E42008CBAFA /* Config */ = {
			isa = PBXGroup;
			children = (
				6581F123250913B9008CBAFA /* VersionConfig.swift */,
			);
			path = Config;
			sourceTree = "<group>";
		};
		6581F0DD2508CB55008CBAFA = {
			isa = PBXGroup;
			children = (
				6581F0E82508CB55008CBAFA /* MobvenIOSTI */,
				6581F0E72508CB55008CBAFA /* Products */,
			);
			sourceTree = "<group>";
		};
		6581F0E72508CB55008CBAFA /* Products */ = {
			isa = PBXGroup;
			children = (
				6581F0E62508CB55008CBAFA /* MobvenIOSTI.app */,
			);
			name = Products;
			sourceTree = "<group>";
		};
		6581F0E82508CB55008CBAFA /* MobvenIOSTI */ = {
			isa = PBXGroup;
			children = (
				65811167250A6E42008CBAFA /* Config */,
				6581F12725091624008CBAFA /* Extensions */,
				6581F0FE2508CB69008CBAFA /* API */,
				6581F0FD2508CB63008CBAFA /* Scenes */,
				6581F0E92508CB55008CBAFA /* AppDelegate.swift */,
				6581F0F22508CB5A008CBAFA /* Assets.xcassets */,
				6581F0F42508CB5A008CBAFA /* LaunchScreen.storyboard */,
				6581F0F72508CB5A008CBAFA /* Info.plist */,
			);
			path = MobvenIOSTI;
			sourceTree = "<group>";
		};
		6581F0FD2508CB63008CBAFA /* Scenes */ = {
			isa = PBXGroup;
			children = (
				6581F0FF2508CB83008CBAFA /* Gists */,
				6581F1002508CB8B008CBAFA /* GistDetail */,
			);
			path = Scenes;
			sourceTree = "<group>";
		};
		6581F0FE2508CB69008CBAFA /* API */ = {
			isa = PBXGroup;
			children = (
				6581F12F250A0E4B008CBAFA /* API.swift */,
				6581F12525091422008CBAFA /* Gist.swift */,
			);
			path = API;
			sourceTree = "<group>";
		};
		6581F0FF2508CB83008CBAFA /* Gists */ = {
			isa = PBXGroup;
			children = (
				6581F11E2508CC00008CBAFA /* Views */,
				6581F1022508CBBB008CBAFA /* GistsViewController.swift */,
				6581F1042508CBBB008CBAFA /* GistsInteractor.swift */,
				6581F1032508CBBB008CBAFA /* GistsPresenter.swift */,
				6581F1072508CBBB008CBAFA /* GistsRouter.swift */,
				6581F1052508CBBB008CBAFA /* GistsModels.swift */,
				6581F1062508CBBB008CBAFA /* GistsWorker.swift */,
				6581F1012508CBBB008CBAFA /* Gists.storyboard */,
			);
			path = Gists;
			sourceTree = "<group>";
		};
		6581F1002508CB8B008CBAFA /* GistDetail */ = {
			isa = PBXGroup;
			children = (
				6581F1102508CBDA008CBAFA /* GistDetailViewController.swift */,
				6581F1122508CBDA008CBAFA /* GistDetailInteractor.swift */,
				6581F1112508CBDA008CBAFA /* GistDetailPresenter.swift */,
				6581F1152508CBDA008CBAFA /* GistDetailRouter.swift */,
				6581F1132508CBDA008CBAFA /* GistDetailModels.swift */,
				6581F1142508CBDA008CBAFA /* GistDetailWorker.swift */,
				6581F10F2508CBDA008CBAFA /* GistDetail.storyboard */,
			);
			path = GistDetail;
			sourceTree = "<group>";
		};
		6581F11E2508CC00008CBAFA /* Views */ = {
			isa = PBXGroup;
			children = (
				6581F1212509107B008CBAFA /* GistTableViewCell.swift */,
			);
			path = Views;
			sourceTree = "<group>";
		};
		6581F12725091624008CBAFA /* Extensions */ = {
			isa = PBXGroup;
			children = (
				6DA088AB2517E905003C9A20 /* UIApplication.swift */,
				6DA088B82517FD6A003C9A20 /* String.swift */,
			);
			path = Extensions;
			sourceTree = "<group>";
		};
/* End PBXGroup section */

/* Begin PBXNativeTarget section */
		6581F0E52508CB55008CBAFA /* MobvenIOSTI */ = {
			isa = PBXNativeTarget;
			buildConfigurationList = 6581F0FA2508CB5A008CBAFA /* Build configuration list for PBXNativeTarget "MobvenIOSTI" */;
			buildPhases = (
				6581F0E22508CB55008CBAFA /* Sources */,
				6581F0E32508CB55008CBAFA /* Frameworks */,
				6581F0E42508CB55008CBAFA /* Resources */,
			);
			buildRules = (
			);
			dependencies = (
			);
			name = MobvenIOSTI;
			packageProductDependencies = (
				95A64800262AF9FA003F7685 /* Alamofire */,
				95A64804262AFA70003F7685 /* SDWebImage */,
			);
			productName = versionApp;
			productReference = 6581F0E62508CB55008CBAFA /* MobvenIOSTI.app */;
			productType = "com.apple.product-type.application";
		};
/* End PBXNativeTarget section */

/* Begin PBXProject section */
		6581F0DE2508CB55008CBAFA /* Project object */ = {
			isa = PBXProject;
			attributes = {
				LastSwiftUpdateCheck = 1170;
				LastUpgradeCheck = 1170;
				ORGANIZATIONNAME = Mobven;
				TargetAttributes = {
					6581F0E52508CB55008CBAFA = {
						CreatedOnToolsVersion = 11.7;
					};
				};
			};
			buildConfigurationList = 6581F0E12508CB55008CBAFA /* Build configuration list for PBXProject "MobvenIOSTI" */;
			compatibilityVersion = "Xcode 9.3";
			developmentRegion = en;
			hasScannedForEncodings = 0;
			knownRegions = (
				en,
				Base,
			);
			mainGroup = 6581F0DD2508CB55008CBAFA;
			packageReferences = (
				95A647FF262AF9FA003F7685 /* XCRemoteSwiftPackageReference "Alamofire" */,
				95A64803262AFA70003F7685 /* XCRemoteSwiftPackageReference "SDWebImage" */,
			);
			productRefGroup = 6581F0E72508CB55008CBAFA /* Products */;
			projectDirPath = "";
			projectRoot = "";
			targets = (
				6581F0E52508CB55008CBAFA /* MobvenIOSTI */,
			);
		};
/* End PBXProject section */

/* Begin PBXResourcesBuildPhase section */
		6581F0E42508CB55008CBAFA /* Resources */ = {
			isa = PBXResourcesBuildPhase;
			buildActionMask = 2147483647;
			files = (
				6581F0F62508CB5A008CBAFA /* LaunchScreen.storyboard in Resources */,
				6581F1162508CBDA008CBAFA /* GistDetail.storyboard in Resources */,
				6581F1082508CBBB008CBAFA /* Gists.storyboard in Resources */,
				6581F0F32508CB5A008CBAFA /* Assets.xcassets in Resources */,
			);
			runOnlyForDeploymentPostprocessing = 0;
		};
/* End PBXResourcesBuildPhase section */

/* Begin PBXSourcesBuildPhase section */
		6581F0E22508CB55008CBAFA /* Sources */ = {
			isa = PBXSourcesBuildPhase;
			buildActionMask = 2147483647;
			files = (
				6DA088B92517FD6A003C9A20 /* String.swift in Sources */,
				6581F10D2508CBBB008CBAFA /* GistsWorker.swift in Sources */,
				6581F10E2508CBBB008CBAFA /* GistsRouter.swift in Sources */,
				6581F130250A0E4B008CBAFA /* API.swift in Sources */,
				6581F1192508CBDA008CBAFA /* GistDetailInteractor.swift in Sources */,
				6581F11B2508CBDA008CBAFA /* GistDetailWorker.swift in Sources */,
				6581F124250913B9008CBAFA /* VersionConfig.swift in Sources */,
				6581F1182508CBDA008CBAFA /* GistDetailPresenter.swift in Sources */,
				6581F1092508CBBB008CBAFA /* GistsViewController.swift in Sources */,
				6DA088AC2517E905003C9A20 /* UIApplication.swift in Sources */,
				6581F1222509107B008CBAFA /* GistTableViewCell.swift in Sources */,
				6581F1172508CBDA008CBAFA /* GistDetailViewController.swift in Sources */,
				6581F10C2508CBBB008CBAFA /* GistsModels.swift in Sources */,
				6581F0EA2508CB55008CBAFA /* AppDelegate.swift in Sources */,
				6581F10B2508CBBB008CBAFA /* GistsInteractor.swift in Sources */,
				6581F12625091422008CBAFA /* Gist.swift in Sources */,
				6581F11C2508CBDA008CBAFA /* GistDetailRouter.swift in Sources */,
				6581F11A2508CBDA008CBAFA /* GistDetailModels.swift in Sources */,
				6581F10A2508CBBB008CBAFA /* GistsPresenter.swift in Sources */,
			);
			runOnlyForDeploymentPostprocessing = 0;
		};
/* End PBXSourcesBuildPhase section */

/* Begin PBXVariantGroup section */
		6581F0F42508CB5A008CBAFA /* LaunchScreen.storyboard */ = {
			isa = PBXVariantGroup;
			children = (
				6581F0F52508CB5A008CBAFA /* Base */,
			);
			name = LaunchScreen.storyboard;
			sourceTree = "<group>";
		};
/* End PBXVariantGroup section */

/* Begin XCBuildConfiguration section */
		6581F0F82508CB5A008CBAFA /* Debug */ = {
			isa = XCBuildConfiguration;
			buildSettings = {
				ALWAYS_SEARCH_USER_PATHS = NO;
				CLANG_ANALYZER_NONNULL = YES;
				CLANG_ANALYZER_NUMBER_OBJECT_CONVERSION = YES_AGGRESSIVE;
				CLANG_CXX_LANGUAGE_STANDARD = "gnu++14";
				CLANG_CXX_LIBRARY = "libc++";
				CLANG_ENABLE_MODULES = YES;
				CLANG_ENABLE_OBJC_ARC = YES;
				CLANG_ENABLE_OBJC_WEAK = YES;
				CLANG_WARN_BLOCK_CAPTURE_AUTORELEASING = YES;
				CLANG_WARN_BOOL_CONVERSION = YES;
				CLANG_WARN_COMMA = YES;
				CLANG_WARN_CONSTANT_CONVERSION = YES;
				CLANG_WARN_DEPRECATED_OBJC_IMPLEMENTATIONS = YES;
				CLANG_WARN_DIRECT_OBJC_ISA_USAGE = YES_ERROR;
				CLANG_WARN_DOCUMENTATION_COMMENTS = YES;
				CLANG_WARN_EMPTY_BODY = YES;
				CLANG_WARN_ENUM_CONVERSION = YES;
				CLANG_WARN_INFINITE_RECURSION = YES;
				CLANG_WARN_INT_CONVERSION = YES;
				CLANG_WARN_NON_LITERAL_NULL_CONVERSION = YES;
				CLANG_WARN_OBJC_IMPLICIT_RETAIN_SELF = YES;
				CLANG_WARN_OBJC_LITERAL_CONVERSION = YES;
				CLANG_WARN_OBJC_ROOT_CLASS = YES_ERROR;
				CLANG_WARN_RANGE_LOOP_ANALYSIS = YES;
				CLANG_WARN_STRICT_PROTOTYPES = YES;
				CLANG_WARN_SUSPICIOUS_MOVE = YES;
				CLANG_WARN_UNGUARDED_AVAILABILITY = YES_AGGRESSIVE;
				CLANG_WARN_UNREACHABLE_CODE = YES;
				CLANG_WARN__DUPLICATE_METHOD_MATCH = YES;
				COPY_PHASE_STRIP = NO;
				DEBUG_INFORMATION_FORMAT = dwarf;
				ENABLE_STRICT_OBJC_MSGSEND = YES;
				ENABLE_TESTABILITY = YES;
				GCC_C_LANGUAGE_STANDARD = gnu11;
				GCC_DYNAMIC_NO_PIC = NO;
				GCC_NO_COMMON_BLOCKS = YES;
				GCC_OPTIMIZATION_LEVEL = 0;
				GCC_PREPROCESSOR_DEFINITIONS = (
					"DEBUG=1",
					"$(inherited)",
				);
				GCC_WARN_64_TO_32_BIT_CONVERSION = YES;
				GCC_WARN_ABOUT_RETURN_TYPE = YES_ERROR;
				GCC_WARN_UNDECLARED_SELECTOR = YES;
				GCC_WARN_UNINITIALIZED_AUTOS = YES_AGGRESSIVE;
				GCC_WARN_UNUSED_FUNCTION = YES;
				GCC_WARN_UNUSED_VARIABLE = YES;
				IPHONEOS_DEPLOYMENT_TARGET = 13.7;
				MTL_ENABLE_DEBUG_INFO = INCLUDE_SOURCE;
				MTL_FAST_MATH = YES;
				ONLY_ACTIVE_ARCH = YES;
				SDKROOT = iphoneos;
				SWIFT_ACTIVE_COMPILATION_CONDITIONS = DEBUG;
				SWIFT_OPTIMIZATION_LEVEL = "-Onone";
			};
			name = Debug;
		};
		6581F0F92508CB5A008CBAFA /* Release */ = {
			isa = XCBuildConfiguration;
			buildSettings = {
				ALWAYS_SEARCH_USER_PATHS = NO;
				CLANG_ANALYZER_NONNULL = YES;
				CLANG_ANALYZER_NUMBER_OBJECT_CONVERSION = YES_AGGRESSIVE;
				CLANG_CXX_LANGUAGE_STANDARD = "gnu++14";
				CLANG_CXX_LIBRARY = "libc++";
				CLANG_ENABLE_MODULES = YES;
				CLANG_ENABLE_OBJC_ARC = YES;
				CLANG_ENABLE_OBJC_WEAK = YES;
				CLANG_WARN_BLOCK_CAPTURE_AUTORELEASING = YES;
				CLANG_WARN_BOOL_CONVERSION = YES;
				CLANG_WARN_COMMA = YES;
				CLANG_WARN_CONSTANT_CONVERSION = YES;
				CLANG_WARN_DEPRECATED_OBJC_IMPLEMENTATIONS = YES;
				CLANG_WARN_DIRECT_OBJC_ISA_USAGE = YES_ERROR;
				CLANG_WARN_DOCUMENTATION_COMMENTS = YES;
				CLANG_WARN_EMPTY_BODY = YES;
				CLANG_WARN_ENUM_CONVERSION = YES;
				CLANG_WARN_INFINITE_RECURSION = YES;
				CLANG_WARN_INT_CONVERSION = YES;
				CLANG_WARN_NON_LITERAL_NULL_CONVERSION = YES;
				CLANG_WARN_OBJC_IMPLICIT_RETAIN_SELF = YES;
				CLANG_WARN_OBJC_LITERAL_CONVERSION = YES;
				CLANG_WARN_OBJC_ROOT_CLASS = YES_ERROR;
				CLANG_WARN_RANGE_LOOP_ANALYSIS = YES;
				CLANG_WARN_STRICT_PROTOTYPES = YES;
				CLANG_WARN_SUSPICIOUS_MOVE = YES;
				CLANG_WARN_UNGUARDED_AVAILABILITY = YES_AGGRESSIVE;
				CLANG_WARN_UNREACHABLE_CODE = YES;
				CLANG_WARN__DUPLICATE_METHOD_MATCH = YES;
				COPY_PHASE_STRIP = NO;
				DEBUG_INFORMATION_FORMAT = "dwarf-with-dsym";
				ENABLE_NS_ASSERTIONS = NO;
				ENABLE_STRICT_OBJC_MSGSEND = YES;
				GCC_C_LANGUAGE_STANDARD = gnu11;
				GCC_NO_COMMON_BLOCKS = YES;
				GCC_WARN_64_TO_32_BIT_CONVERSION = YES;
				GCC_WARN_ABOUT_RETURN_TYPE = YES_ERROR;
				GCC_WARN_UNDECLARED_SELECTOR = YES;
				GCC_WARN_UNINITIALIZED_AUTOS = YES_AGGRESSIVE;
				GCC_WARN_UNUSED_FUNCTION = YES;
				GCC_WARN_UNUSED_VARIABLE = YES;
				IPHONEOS_DEPLOYMENT_TARGET = 13.7;
				MTL_ENABLE_DEBUG_INFO = NO;
				MTL_FAST_MATH = YES;
				SDKROOT = iphoneos;
				SWIFT_COMPILATION_MODE = wholemodule;
				SWIFT_OPTIMIZATION_LEVEL = "-O";
				VALIDATE_PRODUCT = YES;
			};
			name = Release;
		};
		6581F0FB2508CB5A008CBAFA /* Debug */ = {
			isa = XCBuildConfiguration;
			buildSettings = {
				ASSETCATALOG_COMPILER_APPICON_NAME = AppIcon;
				CODE_SIGN_STYLE = Automatic;
				CURRENT_PROJECT_VERSION = 1;
				DEVELOPMENT_TEAM = TBXF7RJBHZ;
				INFOPLIST_FILE = MobvenIOSTI/Info.plist;
				LD_RUNPATH_SEARCH_PATHS = (
					"$(inherited)",
					"@executable_path/Frameworks",
				);
				MARKETING_VERSION = 1.0.0;
				PRODUCT_BUNDLE_IDENTIFIER = com.mobven.ios.tiapp;
				PRODUCT_NAME = "$(TARGET_NAME)";
				SWIFT_VERSION = 5.0;
				TARGETED_DEVICE_FAMILY = 1;
			};
			name = Debug;
		};
		6581F0FC2508CB5A008CBAFA /* Release */ = {
			isa = XCBuildConfiguration;
			buildSettings = {
				ASSETCATALOG_COMPILER_APPICON_NAME = AppIcon;
				CODE_SIGN_STYLE = Automatic;
				CURRENT_PROJECT_VERSION = 1;
				DEVELOPMENT_TEAM = TBXF7RJBHZ;
				INFOPLIST_FILE = MobvenIOSTI/Info.plist;
				LD_RUNPATH_SEARCH_PATHS = (
					"$(inherited)",
					"@executable_path/Frameworks",
				);
				MARKETING_VERSION = 1.0.0;
				PRODUCT_BUNDLE_IDENTIFIER = com.mobven.ios.tiapp;
				PRODUCT_NAME = "$(TARGET_NAME)";
				SWIFT_VERSION = 5.0;
				TARGETED_DEVICE_FAMILY = 1;
			};
			name = Release;
		};
/* End XCBuildConfiguration section */

/* Begin XCConfigurationList section */
		6581F0E12508CB55008CBAFA /* Build configuration list for PBXProject "MobvenIOSTI" */ = {
			isa = XCConfigurationList;
			buildConfigurations = (
				6581F0F82508CB5A008CBAFA /* Debug */,
				6581F0F92508CB5A008CBAFA /* Release */,
			);
			defaultConfigurationIsVisible = 0;
			defaultConfigurationName = Release;
		};
		6581F0FA2508CB5A008CBAFA /* Build configuration list for PBXNativeTarget "MobvenIOSTI" */ = {
			isa = XCConfigurationList;
			buildConfigurations = (
				6581F0FB2508CB5A008CBAFA /* Debug */,
				6581F0FC2508CB5A008CBAFA /* Release */,
			);
			defaultConfigurationIsVisible = 0;
			defaultConfigurationName = Release;
		};
/* End XCConfigurationList section */

/* Begin XCRemoteSwiftPackageReference section */
		95A647FF262AF9FA003F7685 /* XCRemoteSwiftPackageReference "Alamofire" */ = {
			isa = XCRemoteSwiftPackageReference;
			repositoryURL = "https://github.com/Alamofire/Alamofire.git";
			requirement = {
				branch = master;
				kind = branch;
			};
		};
		95A64803262AFA70003F7685 /* XCRemoteSwiftPackageReference "SDWebImage" */ = {
			isa = XCRemoteSwiftPackageReference;
			repositoryURL = "https://github.com/SDWebImage/SDWebImage.git";
			requirement = {
				branch = master;
				kind = branch;
			};
		};
/* End XCRemoteSwiftPackageReference section */

/* Begin XCSwiftPackageProductDependency section */
		95A64800262AF9FA003F7685 /* Alamofire */ = {
			isa = XCSwiftPackageProductDependency;
			package = 95A647FF262AF9FA003F7685 /* XCRemoteSwiftPackageReference "Alamofire" */;
			productName = Alamofire;
		};
		95A64804262AFA70003F7685 /* SDWebImage */ = {
			isa = XCSwiftPackageProductDependency;
			package = 95A64803262AFA70003F7685 /* XCRemoteSwiftPackageReference "SDWebImage" */;
			productName = SDWebImage;
		};
/* End XCSwiftPackageProductDependency section */
	};
	rootObject = 6581F0DE2508CB55008CBAFA /* Project object */;
}
